
Microsoft Visual Studio Solution File, Format Version 12.00
# Visual Studio Version 16
VisualStudioVersion = 16.0.31112.23
MinimumVisualStudioVersion = 10.0.40219.1
Project("{9A19103F-16F7-4668-BE54-9A1E7A4F7556}") = "Projekt-StudieTips", "Projekt-StudieTips\Projekt-StudieTips.csproj", "{5D6939B9-D6F2-48CA-8DC1-4AF4A2EB4895}"
EndProject
Project("{FAE04EC0-301F-11D3-BF4B-00C04F79EFBC}") = "Projekt-StudieTips.Test.Unit", "Projekt-StudieTips.Test.Unit\Projekt-StudieTips.Test.Unit.csproj", "{CCEF6290-85E5-417C-85B0-105BBFC8D6DC}"
	ProjectSection(ProjectDependencies) = postProject
		{5D6939B9-D6F2-48CA-8DC1-4AF4A2EB4895} = {5D6939B9-D6F2-48CA-8DC1-4AF4A2EB4895}
	EndProjectSection
EndProject
Global
	GlobalSection(SolutionConfigurationPlatforms) = preSolution
		Debug|Any CPU = Debug|Any CPU
		Release|Any CPU = Release|Any CPU
	EndGlobalSection
	GlobalSection(ProjectConfigurationPlatforms) = postSolution
		{5D6939B9-D6F2-48CA-8DC1-4AF4A2EB4895}.Debug|Any CPU.ActiveCfg = Debug|Any CPU
		{5D6939B9-D6F2-48CA-8DC1-4AF4A2EB4895}.Debug|Any CPU.Build.0 = Debug|Any CPU
		{5D6939B9-D6F2-48CA-8DC1-4AF4A2EB4895}.Release|Any CPU.ActiveCfg = Release|Any CPU
		{5D6939B9-D6F2-48CA-8DC1-4AF4A2EB4895}.Release|Any CPU.Build.0 = Release|Any CPU
		{CCEF6290-85E5-417C-85B0-105BBFC8D6DC}.Debug|Any CPU.ActiveCfg = Debug|Any CPU
		{CCEF6290-85E5-417C-85B0-105BBFC8D6DC}.Debug|Any CPU.Build.0 = Debug|Any CPU
		{CCEF6290-85E5-417C-85B0-105BBFC8D6DC}.Release|Any CPU.ActiveCfg = Release|Any CPU
		{CCEF6290-85E5-417C-85B0-105BBFC8D6DC}.Release|Any CPU.Build.0 = Release|Any CPU
	EndGlobalSection
	GlobalSection(SolutionProperties) = preSolution
		HideSolutionNode = FALSE
	EndGlobalSection
	GlobalSection(ExtensibilityGlobals) = postSolution
		SolutionGuid = {290D1B10-E7EC-4271-9DA5-4EC6F7D68B38}
	EndGlobalSection
EndGlobal
